
Microsoft Visual Studio Solution File, Format Version 12.00
# Visual Studio Version 17
VisualStudioVersion = 17.11.35312.102
MinimumVisualStudioVersion = 10.0.40219.1
Project("{FAE04EC0-301F-11D3-BF4B-00C04F79EFBC}") = "Định danh điện tử", "Định danh điện tử.csproj", "{79684A57-7167-418F-9524-05A956A91741}"
EndProject
Global
	GlobalSection(SolutionConfigurationPlatforms) = preSolution
		Debug|Any CPU = Debug|Any CPU
		Release|Any CPU = Release|Any CPU
	EndGlobalSection
	GlobalSection(ProjectConfigurationPlatforms) = postSolution
		{79684A57-7167-418F-9524-05A956A91741}.Debug|Any CPU.ActiveCfg = Debug|Any CPU
		{79684A57-7167-418F-9524-05A956A91741}.Debug|Any CPU.Build.0 = Debug|Any CPU
		{79684A57-7167-418F-9524-05A956A91741}.Release|Any CPU.ActiveCfg = Release|Any CPU
		{79684A57-7167-418F-9524-05A956A91741}.Release|Any CPU.Build.0 = Release|Any CPU
	EndGlobalSection
	GlobalSection(SolutionProperties) = preSolution
		HideSolutionNode = FALSE
	EndGlobalSection
	GlobalSection(ExtensibilityGlobals) = postSolution
		SolutionGuid = {40E447C9-08E3-4707-B86D-0B9DCDDED82C}
	EndGlobalSection
EndGlobal
